{
  "name": "genropy-jodit-build",
  "version": "1.0.0",
  "lockfileVersion": 3,
  "requires": true,
  "packages": {
    "": {
      "name": "genropy-jodit-build",
      "version": "1.0.0",
      "dependencies": {
        "jodit": "4.15.13"
      }
    },
    "node_modules/jodit": {
      "version": "4.15.13",
      "resolved": "https://registry.npmjs.org/jodit/-/jodit-4.15.13.tgz",
      "integrity": "sha512-7/0Q85OgtHIIn8qF/tw5CBT2qFdrbbcqxbjS5Z3+jJls+sxGwWLPLFv0heXDqoDsNF0lNUHQity9vC0ErOgKDg==",
      "license": "MIT",
      "funding": {
        "type": "commercial",
        "url": "https://xdsoft.net/jodit/pro/"
      }
    }
  }
}
